
Microsoft Visual Studio Solution File, Format Version 12.00
# Visual Studio Version 16
VisualStudioVersion = 16.0.30717.126
MinimumVisualStudioVersion = 10.0.40219.1
Project("{FAE04EC0-301F-11D3-BF4B-00C04F79EFBC}") = "webAp1", "webAp1\webAp1.csproj", "{09657135-9495-404C-9708-1F12D3A03A21}"
EndProject
Project("{FAE04EC0-301F-11D3-BF4B-00C04F79EFBC}") = "webAp2", "webAp2\webAp2.csproj", "{F03AF1C1-AB4C-4152-BBD9-B595E1786719}"
EndProject
Global
	GlobalSection(SolutionConfigurationPlatforms) = preSolution
		Debug|Any CPU = Debug|Any CPU
		Release|Any CPU = Release|Any CPU
	EndGlobalSection
	GlobalSection(ProjectConfigurationPlatforms) = postSolution
		{09657135-9495-404C-9708-1F12D3A03A21}.Debug|Any CPU.ActiveCfg = Debug|Any CPU
		{09657135-9495-404C-9708-1F12D3A03A21}.Debug|Any CPU.Build.0 = Debug|Any CPU
		{09657135-9495-404C-9708-1F12D3A03A21}.Release|Any CPU.ActiveCfg = Release|Any CPU
		{09657135-9495-404C-9708-1F12D3A03A21}.Release|Any CPU.Build.0 = Release|Any CPU
		{F03AF1C1-AB4C-4152-BBD9-B595E1786719}.Debug|Any CPU.ActiveCfg = Debug|Any CPU
		{F03AF1C1-AB4C-4152-BBD9-B595E1786719}.Debug|Any CPU.Build.0 = Debug|Any CPU
		{F03AF1C1-AB4C-4152-BBD9-B595E1786719}.Release|Any CPU.ActiveCfg = Release|Any CPU
		{F03AF1C1-AB4C-4152-BBD9-B595E1786719}.Release|Any CPU.Build.0 = Release|Any CPU
	EndGlobalSection
	GlobalSection(SolutionProperties) = preSolution
		HideSolutionNode = FALSE
	EndGlobalSection
	GlobalSection(ExtensibilityGlobals) = postSolution
		SolutionGuid = {4A4C8CB3-3501-4396-BD24-5ED321A2A981}
	EndGlobalSection
EndGlobal
